
Microsoft Visual Studio Solution File, Format Version 12.00
# Visual Studio 15
VisualStudioVersion = 15.0.28307.329
MinimumVisualStudioVersion = 10.0.40219.1
Project("{FAE04EC0-301F-11D3-BF4B-00C04F79EFBC}") = "WCFaritmetica", "WCFaritmetica\WCFaritmetica.csproj", "{D740A255-B555-4BE7-A7F6-16D69ACB51F1}"
EndProject
Project("{FAE04EC0-301F-11D3-BF4B-00C04F79EFBC}") = "UTaritmetica", "UTaritmetica\UTaritmetica.csproj", "{C60F5179-E269-4C2C-A712-41D13D9C36F7}"
EndProject
Global
	GlobalSection(SolutionConfigurationPlatforms) = preSolution
		Debug|Any CPU = Debug|Any CPU
		Release|Any CPU = Release|Any CPU
	EndGlobalSection
	GlobalSection(ProjectConfigurationPlatforms) = postSolution
		{D740A255-B555-4BE7-A7F6-16D69ACB51F1}.Debug|Any CPU.ActiveCfg = Debug|Any CPU
		{D740A255-B555-4BE7-A7F6-16D69ACB51F1}.Debug|Any CPU.Build.0 = Debug|Any CPU
		{D740A255-B555-4BE7-A7F6-16D69ACB51F1}.Release|Any CPU.ActiveCfg = Release|Any CPU
		{D740A255-B555-4BE7-A7F6-16D69ACB51F1}.Release|Any CPU.Build.0 = Release|Any CPU
		{C60F5179-E269-4C2C-A712-41D13D9C36F7}.Debug|Any CPU.ActiveCfg = Debug|Any CPU
		{C60F5179-E269-4C2C-A712-41D13D9C36F7}.Debug|Any CPU.Build.0 = Debug|Any CPU
		{C60F5179-E269-4C2C-A712-41D13D9C36F7}.Release|Any CPU.ActiveCfg = Release|Any CPU
		{C60F5179-E269-4C2C-A712-41D13D9C36F7}.Release|Any CPU.Build.0 = Release|Any CPU
	EndGlobalSection
	GlobalSection(SolutionProperties) = preSolution
		HideSolutionNode = FALSE
	EndGlobalSection
	GlobalSection(ExtensibilityGlobals) = postSolution
		SolutionGuid = {055D3ACC-C019-4115-B79E-DA353D5A6CD0}
	EndGlobalSection
EndGlobal
